{
    "_readme": [
        "This file locks the dependencies of your project to a known state",
        "Read more about it at https://getcomposer.org/doc/01-basic-usage.md#composer-lock-the-lock-file",
        "This file is @generated automatically"
    ],
    "hash": "800c9cdbfc4231ccd1300554110c95c5",
    "content-hash": "81e31002a7bf91883193575c6b4da956",
    "packages": [
        {
            "name": "guzzlehttp/guzzle",
            "version": "5.3.1",
            "source": {
                "type": "git",
                "url": "https://github.com/guzzle/guzzle.git",
                "reference": "70f1fa53b71c4647bf2762c09068a95f77e12fb8"
            },
            "dist": {
                "type": "zip",
                "url": "https://api.github.com/repos/guzzle/guzzle/zipball/70f1fa53b71c4647bf2762c09068a95f77e12fb8",
                "reference": "70f1fa53b71c4647bf2762c09068a95f77e12fb8",
                "shasum": ""
            },
            "require": {
                "guzzlehttp/ringphp": "^1.1",
                "php": ">=5.4.0"
            },
            "require-dev": {
                "ext-curl": "*",
                "phpunit/phpunit": "^4.0"
            },
            "type": "library",
            "autoload": {
                "psr-4": {
                    "GuzzleHttp\\": "src/"
                }
            },
            "notification-url": "https://packagist.org/downloads/",
            "license": [
                "MIT"
            ],
            "authors": [
                {
                    "name": "Michael Dowling",
                    "email": "mtdowling@gmail.com",
                    "homepage": "https://github.com/mtdowling"
                }
            ],
            "description": "Guzzle is a PHP HTTP client library and framework for building RESTful web service clients",
            "homepage": "http://guzzlephp.org/",
            "keywords": [
                "client",
                "curl",
                "framework",
                "http",
                "http client",
                "rest",
                "web service"
            ],
            "time": "2016-07-15 19:28:39"
        },
        {
            "name": "guzzlehttp/ringphp",
            "version": "1.1.0",
            "source": {
                "type": "git",
                "url": "https://github.com/guzzle/RingPHP.git",
                "reference": "dbbb91d7f6c191e5e405e900e3102ac7f261bc0b"
            },
            "dist": {
                "type": "zip",
                "url": "https://api.github.com/repos/guzzle/RingPHP/zipball/dbbb91d7f6c191e5e405e900e3102ac7f261bc0b",
                "reference": "dbbb91d7f6c191e5e405e900e3102ac7f261bc0b",
                "shasum": ""
            },
            "require": {
                "guzzlehttp/streams": "~3.0",
                "php": ">=5.4.0",
                "react/promise": "~2.0"
            },
            "require-dev": {
                "ext-curl": "*",
                "phpunit/phpunit": "~4.0"
            },
            "suggest": {
                "ext-curl": "Guzzle will use specific adapters if cURL is present"
            },
            "type": "library",
            "extra": {
                "branch-alias": {
                    "dev-master": "1.1-dev"
                }
            },
            "autoload": {
                "psr-4": {
                    "GuzzleHttp\\Ring\\": "src/"
                }
            },
            "notification-url": "https://packagist.org/downloads/",
            "license": [
                "MIT"
            ],
            "authors": [
                {
                    "name": "Michael Dowling",
                    "email": "mtdowling@gmail.com",
                    "homepage": "https://github.com/mtdowling"
                }
            ],
            "description": "Provides a simple API and specification that abstracts away the details of HTTP into a single PHP function.",
            "time": "2015-05-20 03:37:09"
        },
        {
            "name": "guzzlehttp/streams",
            "version": "3.0.0",
            "source": {
                "type": "git",
                "url": "https://github.com/guzzle/streams.git",
                "reference": "47aaa48e27dae43d39fc1cea0ccf0d84ac1a2ba5"
            },
            "dist": {
                "type": "zip",
                "url": "https://api.github.com/repos/guzzle/streams/zipball/47aaa48e27dae43d39fc1cea0ccf0d84ac1a2ba5",
                "reference": "47aaa48e27dae43d39fc1cea0ccf0d84ac1a2ba5",
                "shasum": ""
            },
            "require": {
                "php": ">=5.4.0"
            },
            "require-dev": {
                "phpunit/phpunit": "~4.0"
            },
            "type": "library",
            "extra": {
                "branch-alias": {
                    "dev-master": "3.0-dev"
                }
            },
            "autoload": {
                "psr-4": {
                    "GuzzleHttp\\Stream\\": "src/"
                }
            },
            "notification-url": "https://packagist.org/downloads/",
            "license": [
                "MIT"
            ],
            "authors": [
                {
                    "name": "Michael Dowling",
                    "email": "mtdowling@gmail.com",
                    "homepage": "https://github.com/mtdowling"
                }
            ],
            "description": "Provides a simple abstraction over streams of data",
            "homepage": "http://guzzlephp.org/",
            "keywords": [
                "Guzzle",
                "stream"
            ],
            "time": "2014-10-12 19:18:40"
        },
        {
            "name": "react/promise",
            "version": "v2.4.1",
            "source": {
                "type": "git",
                "url": "https://github.com/reactphp/promise.git",
                "reference": "8025426794f1944de806618671d4fa476dc7626f"
            },
            "dist": {
                "type": "zip",
                "url": "https://api.github.com/repos/reactphp/promise/zipball/8025426794f1944de806618671d4fa476dc7626f",
                "reference": "8025426794f1944de806618671d4fa476dc7626f",
                "shasum": ""
            },
            "require": {
                "php": ">=5.4.0"
            },
            "type": "library",
            "extra": {
                "branch-alias": {
                    "dev-master": "2.0-dev"
                }
            },
            "autoload": {
                "psr-4": {
                    "React\\Promise\\": "src/"
                },
                "files": [
                    "src/functions_include.php"
                ]
            },
            "notification-url": "https://packagist.org/downloads/",
            "license": [
                "MIT"
            ],
            "authors": [
                {
                    "name": "Jan Sorgalla",
                    "email": "jsorgalla@gmail.com"
                }
            ],
            "description": "A lightweight implementation of CommonJS Promises/A for PHP",
            "time": "2016-05-03 17:50:52"
        },
        {
            "name": "rhubarbphp/rhubarb",
            "version": "1.1.4",
            "source": {
                "type": "git",
                "url": "https://github.com/RhubarbPHP/Rhubarb.git",
                "reference": "985acaa92917fa9374e0f01c05c7d7df5e94992e"
            },
            "dist": {
                "type": "zip",
                "url": "https://api.github.com/repos/RhubarbPHP/Rhubarb/zipball/985acaa92917fa9374e0f01c05c7d7df5e94992e",
                "reference": "985acaa92917fa9374e0f01c05c7d7df5e94992e",
                "shasum": ""
            },
            "require": {
                "php": ">=5.6.0"
            },
            "require-dev": {
                "codeception/codeception": "^2.0.0",
                "pdepend/pdepend": "^2.0.0",
                "phploc/phploc": "^3.0.0",
                "phpmd/phpmd": "^2.0.0",
                "rhubarbphp/custard": "^1.0.9",
                "rhubarbphp/module-build-status-updater": "^1.0.5",
                "sebastian/phpcpd": "^2.0.0",
                "squizlabs/php_codesniffer": "^2.0.0",
                "theseer/phpdox": "0.8.1.1"
            },
            "type": "library",
            "autoload": {
                "psr-4": {
                    "Rhubarb\\Crown\\": "src/",
                    "Rhubarb\\Crown\\Tests\\": "tests/"
                }
            },
            "notification-url": "https://packagist.org/downloads/",
            "license": [
                "Apache-2.0"
            ],
            "description": "A modern enterprise ready PHP framework",
            "homepage": "http://www.rhubarbphp.com/",
            "keywords": [
                "framework",
                "php"
            ],
            "time": "2016-08-04 21:55:43"
        },
        {
            "name": "wildbit/postmark-php",
            "version": "1.3.2",
            "source": {
                "type": "git",
                "url": "https://github.com/wildbit/postmark-php.git",
                "reference": "2eabc627c3f2a693b986e51d2f892cc2e2d065b3"
            },
            "dist": {
                "type": "zip",
                "url": "https://api.github.com/repos/wildbit/postmark-php/zipball/2eabc627c3f2a693b986e51d2f892cc2e2d065b3",
                "reference": "2eabc627c3f2a693b986e51d2f892cc2e2d065b3",
                "shasum": ""
            },
            "require": {
                "guzzlehttp/guzzle": "~5.1",
                "php": ">=5.4.0"
            },
            "require-dev": {
                "phpunit/phpunit": "4.4.0"
            },
            "type": "library",
            "autoload": {
                "psr-0": {
                    "Postmark\\": "src/"
                }
            },
            "notification-url": "https://packagist.org/downloads/",
            "license": [
                "MIT"
            ],
            "description": "The officially supported client for Postmark (http://postmarkapp.com)",
            "time": "2015-09-21 19:04:22"
        }
    ],
    "packages-dev": [],
    "aliases": [],
    "minimum-stability": "stable",
    "stability-flags": [],
    "prefer-stable": false,
    "prefer-lowest": false,
    "platform": [],
    "platform-dev": []
}
